
Microsoft Visual Studio Solution File, Format Version 12.00
# Visual Studio Version 17
VisualStudioVersion = 17.5.33516.290
MinimumVisualStudioVersion = 10.0.40219.1
Project("{9A19103F-16F7-4668-BE54-9A1E7A4F7556}") = "MagicVilla_API", "MagicVilla_API\MagicVilla_API.csproj", "{8A9DA693-4D5F-4E9F-B967-E04111E47910}"
EndProject
Project("{9A19103F-16F7-4668-BE54-9A1E7A4F7556}") = "MagicVilla_Web", "MagicVilla_Web\MagicVilla_Web.csproj", "{9FA230A6-B937-494C-AF09-A9021974B3E9}"
	ProjectSection(ProjectDependencies) = postProject
		{CE6BCBFE-9191-45F3-AF7A-C128EE153932} = {CE6BCBFE-9191-45F3-AF7A-C128EE153932}
	EndProjectSection
EndProject
Project("{9A19103F-16F7-4668-BE54-9A1E7A4F7556}") = "MagicVilla_Utilidad", "MagicVilla_Utilidad\MagicVilla_Utilidad.csproj", "{CE6BCBFE-9191-45F3-AF7A-C128EE153932}"
EndProject
Global
	GlobalSection(SolutionConfigurationPlatforms) = preSolution
		Debug|Any CPU = Debug|Any CPU
		Release|Any CPU = Release|Any CPU
	EndGlobalSection
	GlobalSection(ProjectConfigurationPlatforms) = postSolution
		{8A9DA693-4D5F-4E9F-B967-E04111E47910}.Debug|Any CPU.ActiveCfg = Debug|Any CPU
		{8A9DA693-4D5F-4E9F-B967-E04111E47910}.Debug|Any CPU.Build.0 = Debug|Any CPU
		{8A9DA693-4D5F-4E9F-B967-E04111E47910}.Release|Any CPU.ActiveCfg = Release|Any CPU
		{8A9DA693-4D5F-4E9F-B967-E04111E47910}.Release|Any CPU.Build.0 = Release|Any CPU
		{9FA230A6-B937-494C-AF09-A9021974B3E9}.Debug|Any CPU.ActiveCfg = Debug|Any CPU
		{9FA230A6-B937-494C-AF09-A9021974B3E9}.Debug|Any CPU.Build.0 = Debug|Any CPU
		{9FA230A6-B937-494C-AF09-A9021974B3E9}.Release|Any CPU.ActiveCfg = Release|Any CPU
		{9FA230A6-B937-494C-AF09-A9021974B3E9}.Release|Any CPU.Build.0 = Release|Any CPU
		{CE6BCBFE-9191-45F3-AF7A-C128EE153932}.Debug|Any CPU.ActiveCfg = Debug|Any CPU
		{CE6BCBFE-9191-45F3-AF7A-C128EE153932}.Debug|Any CPU.Build.0 = Debug|Any CPU
		{CE6BCBFE-9191-45F3-AF7A-C128EE153932}.Release|Any CPU.ActiveCfg = Release|Any CPU
		{CE6BCBFE-9191-45F3-AF7A-C128EE153932}.Release|Any CPU.Build.0 = Release|Any CPU
	EndGlobalSection
	GlobalSection(SolutionProperties) = preSolution
		HideSolutionNode = FALSE
	EndGlobalSection
	GlobalSection(ExtensibilityGlobals) = postSolution
		SolutionGuid = {28AFE61E-C05A-49B5-AF4C-32CB52B63CB2}
	EndGlobalSection
EndGlobal
